
Microsoft Visual Studio Solution File, Format Version 12.00
# Visual Studio Version 16
VisualStudioVersion = 16.0.31321.278
MinimumVisualStudioVersion = 10.0.40219.1
Project("{9A19103F-16F7-4668-BE54-9A1E7A4F7556}") = "Temperatura", "Temperatura\Temperatura.csproj", "{63B6840A-5852-48C4-8BF9-B2F0DBD7EA18}"
EndProject
Project("{9A19103F-16F7-4668-BE54-9A1E7A4F7556}") = "Temperatura.Specs", "..\Temperatura.Spec\Temperatura.Spec\Temperatura.Specs.csproj", "{78108DFA-5C3E-4F1F-94D8-F595F1889462}"
EndProject
Global
	GlobalSection(SolutionConfigurationPlatforms) = preSolution
		Debug|Any CPU = Debug|Any CPU
		Release|Any CPU = Release|Any CPU
	EndGlobalSection
	GlobalSection(ProjectConfigurationPlatforms) = postSolution
		{63B6840A-5852-48C4-8BF9-B2F0DBD7EA18}.Debug|Any CPU.ActiveCfg = Debug|Any CPU
		{63B6840A-5852-48C4-8BF9-B2F0DBD7EA18}.Debug|Any CPU.Build.0 = Debug|Any CPU
		{63B6840A-5852-48C4-8BF9-B2F0DBD7EA18}.Release|Any CPU.ActiveCfg = Release|Any CPU
		{63B6840A-5852-48C4-8BF9-B2F0DBD7EA18}.Release|Any CPU.Build.0 = Release|Any CPU
		{78108DFA-5C3E-4F1F-94D8-F595F1889462}.Debug|Any CPU.ActiveCfg = Debug|Any CPU
		{78108DFA-5C3E-4F1F-94D8-F595F1889462}.Debug|Any CPU.Build.0 = Debug|Any CPU
		{78108DFA-5C3E-4F1F-94D8-F595F1889462}.Release|Any CPU.ActiveCfg = Release|Any CPU
		{78108DFA-5C3E-4F1F-94D8-F595F1889462}.Release|Any CPU.Build.0 = Release|Any CPU
	EndGlobalSection
	GlobalSection(SolutionProperties) = preSolution
		HideSolutionNode = FALSE
	EndGlobalSection
	GlobalSection(ExtensibilityGlobals) = postSolution
		SolutionGuid = {89EC8361-32DA-4D9D-B90A-7BD992E8F1A3}
	EndGlobalSection
EndGlobal
