
Microsoft Visual Studio Solution File, Format Version 12.00
# Visual Studio Version 16
VisualStudioVersion = 16.0.31321.278
MinimumVisualStudioVersion = 10.0.40219.1
Project("{FAE04EC0-301F-11D3-BF4B-00C04F79EFBC}") = "Temperatura.Spec", "Temperatura.Spec\Temperatura.Spec.csproj", "{F663C539-6E3F-4956-9761-97CC82C9E36E}"
EndProject
Global
	GlobalSection(SolutionConfigurationPlatforms) = preSolution
		Debug|Any CPU = Debug|Any CPU
		Release|Any CPU = Release|Any CPU
	EndGlobalSection
	GlobalSection(ProjectConfigurationPlatforms) = postSolution
		{F663C539-6E3F-4956-9761-97CC82C9E36E}.Debug|Any CPU.ActiveCfg = Debug|Any CPU
		{F663C539-6E3F-4956-9761-97CC82C9E36E}.Debug|Any CPU.Build.0 = Debug|Any CPU
		{F663C539-6E3F-4956-9761-97CC82C9E36E}.Release|Any CPU.ActiveCfg = Release|Any CPU
		{F663C539-6E3F-4956-9761-97CC82C9E36E}.Release|Any CPU.Build.0 = Release|Any CPU
	EndGlobalSection
	GlobalSection(SolutionProperties) = preSolution
		HideSolutionNode = FALSE
	EndGlobalSection
	GlobalSection(ExtensibilityGlobals) = postSolution
		SolutionGuid = {FF46496E-566A-4E26-B8A1-97841FBBC317}
	EndGlobalSection
EndGlobal
